schema: '2.0'
stages:
  split:
    cmd: python traintest.py data/data5.csv
    deps:
    - path: data/data5.csv
      md5: 19065b26a317259c9ad03fb028a5ac62
      size: 2135620
    - path: traintest.py
      md5: 9e21a48a68305d9d3be264c2a0dd823f
      size: 5525
    outs:
    - path: feature1.pkl
      md5: 2b4e073854cfcb47f5bd9f767a4459ea
      size: 8764177
    - path: finalized_model1.pkl
      md5: f0d9be81be6335c788adb83364c04411
      size: 5981870
  webapp:
    cmd: python app.py finalized_model1.pkl feature1.pkl
    deps:
    - path: app.py
      md5: ee45e0c60e1b56b25ce1a71236003646
      size: 2956
    - path: feature1.pkl
      md5: f8d9441e28f9841aa370c723651ac0e1
      size: 7583311
    - path: finalized_model1.pkl
      md5: 393b3983c27ec9f29784b76158df4d85
      size: 1371527
  etl:
    cmd: python etlpipeline.py data/data2.csv
    deps:
    - path: data/data2.csv
      md5: 16def59edf7986ac03b186e2ef8710a8
      size: 68799967
    - path: etlpipeline.py
      md5: 07802f2d91f2b7d7fadd13994162ee81
      size: 1883
    outs:
    - path: data/data5.csv
      md5: 19065b26a317259c9ad03fb028a5ac62
      size: 2135620
